
Microsoft Visual Studio Solution File, Format Version 12.00
# Visual Studio Version 17
VisualStudioVersion = 17.1.32228.430
MinimumVisualStudioVersion = 10.0.40219.1
Project("{9A19103F-16F7-4668-BE54-9A1E7A4F7556}") = "Repetition", "Repetition\Repetition.csproj", "{A374ED9E-1916-4868-AF05-EF4E442B2F51}"
EndProject
Project("{9A19103F-16F7-4668-BE54-9A1E7A4F7556}") = "RepetitionCore", "RepetitionCore\RepetitionCore.csproj", "{E8CEF5A4-1833-44BD-BE74-EFA0AC447E06}"
EndProject
Project("{9A19103F-16F7-4668-BE54-9A1E7A4F7556}") = "RepetitionInfrastructure", "RepetitionInfrastructure\RepetitionInfrastructure.csproj", "{BF43DC27-5B53-4E8A-A61E-ECF1A951895E}"
EndProject
Global
	GlobalSection(SolutionConfigurationPlatforms) = preSolution
		Debug|Any CPU = Debug|Any CPU
		Release|Any CPU = Release|Any CPU
	EndGlobalSection
	GlobalSection(ProjectConfigurationPlatforms) = postSolution
		{A374ED9E-1916-4868-AF05-EF4E442B2F51}.Debug|Any CPU.ActiveCfg = Debug|Any CPU
		{A374ED9E-1916-4868-AF05-EF4E442B2F51}.Debug|Any CPU.Build.0 = Debug|Any CPU
		{A374ED9E-1916-4868-AF05-EF4E442B2F51}.Release|Any CPU.ActiveCfg = Release|Any CPU
		{A374ED9E-1916-4868-AF05-EF4E442B2F51}.Release|Any CPU.Build.0 = Release|Any CPU
		{E8CEF5A4-1833-44BD-BE74-EFA0AC447E06}.Debug|Any CPU.ActiveCfg = Debug|Any CPU
		{E8CEF5A4-1833-44BD-BE74-EFA0AC447E06}.Debug|Any CPU.Build.0 = Debug|Any CPU
		{E8CEF5A4-1833-44BD-BE74-EFA0AC447E06}.Release|Any CPU.ActiveCfg = Release|Any CPU
		{E8CEF5A4-1833-44BD-BE74-EFA0AC447E06}.Release|Any CPU.Build.0 = Release|Any CPU
		{BF43DC27-5B53-4E8A-A61E-ECF1A951895E}.Debug|Any CPU.ActiveCfg = Debug|Any CPU
		{BF43DC27-5B53-4E8A-A61E-ECF1A951895E}.Debug|Any CPU.Build.0 = Debug|Any CPU
		{BF43DC27-5B53-4E8A-A61E-ECF1A951895E}.Release|Any CPU.ActiveCfg = Release|Any CPU
		{BF43DC27-5B53-4E8A-A61E-ECF1A951895E}.Release|Any CPU.Build.0 = Release|Any CPU
	EndGlobalSection
	GlobalSection(SolutionProperties) = preSolution
		HideSolutionNode = FALSE
	EndGlobalSection
	GlobalSection(ExtensibilityGlobals) = postSolution
		SolutionGuid = {7EAD8A19-84E8-4508-A041-9963C2E211A1}
	EndGlobalSection
EndGlobal
